{
  "name": "sleet-drizzle",
  "version": "0.0.1",
  "lockfileVersion": 1,
  "requires": true,
  "dependencies": {
    "commander": {
      "version": "2.16.0",
      "resolved": "https://registry.npmjs.org/commander/-/commander-2.16.0.tgz",
      "integrity": "sha512-sVXqklSaotK9at437sFlFpyOcJonxe0yST/AG9DkQKUdIE6IqGIMv4SfAQSKaJbSdVEJYItASCrBiVQHq1HQew=="
    },
    "sleet": {
      "version": "0.1.1",
      "resolved": "https://registry.npmjs.org/sleet/-/sleet-0.1.1.tgz",
      "integrity": "sha1-wH9ct4JhBICpnjQhd+C/pHVx3vU=",
      "requires": {
        "commander": "^2.9.0"
      }
    }
  }
}
